// !$*UTF8*$!
{
	archiveVersion = 1;
	classes = {
	};
	objectVersion = 46;
	objects = {

/* Begin PBXBuildFile section */
		B912265519A669980024FA00 /* Foundation.framework in Frameworks */ = {isa = PBXBuildFile; fileRef = B912265419A669980024FA00 /* Foundation.framework */; };
		B912265719A669980024FA00 /* CoreGraphics.framework in Frameworks */ = {isa = PBXBuildFile; fileRef = B912265619A669980024FA00 /* CoreGraphics.framework */; };
		B912265919A669980024FA00 /* UIKit.framework in Frameworks */ = {isa = PBXBuildFile; fileRef = B912265819A669980024FA00 /* UIKit.framework */; };
		B912265F19A669980024FA00 /* InfoPlist.strings in Resources */ = {isa = PBXBuildFile; fileRef = B912265D19A669980024FA00 /* InfoPlist.strings */; };
		B912266119A669980024FA00 /* main.m in Sources */ = {isa = PBXBuildFile; fileRef = B912266019A669980024FA00 /* main.m */; };
		B912266519A669980024FA00 /* AppDelegate.m in Sources */ = {isa = PBXBuildFile; fileRef = B912266419A669980024FA00 /* AppDelegate.m */; };
		B912266819A669980024FA00 /* Main.storyboard in Resources */ = {isa = PBXBuildFile; fileRef = B912266619A669980024FA00 /* Main.storyboard */; };
		B912266B19A669980024FA00 /* ViewController.m in Sources */ = {isa = PBXBuildFile; fileRef = B912266A19A669980024FA00 /* ViewController.m */; };
		B912266D19A669980024FA00 /* Images.xcassets in Resources */ = {isa = PBXBuildFile; fileRef = B912266C19A669980024FA00 /* Images.xcassets */; };
		B912267419A669980024FA00 /* XCTest.framework in Frameworks */ = {isa = PBXBuildFile; fileRef = B912267319A669980024FA00 /* XCTest.framework */; };
		B912267519A669990024FA00 /* Foundation.framework in Frameworks */ = {isa = PBXBuildFile; fileRef = B912265419A669980024FA00 /* Foundation.framework */; };
		B912267619A669990024FA00 /* UIKit.framework in Frameworks */ = {isa = PBXBuildFile; fileRef = B912265819A669980024FA00 /* UIKit.framework */; };
		B912267E19A669990024FA00 /* InfoPlist.strings in Resources */ = {isa = PBXBuildFile; fileRef = B912267C19A669990024FA00 /* InfoPlist.strings */; };
		B912268019A669990024FA00 /* TestEmulationModeTests.m in Sources */ = {isa = PBXBuildFile; fileRef = B912267F19A669990024FA00 /* TestEmulationModeTests.m */; };
/* End PBXBuildFile section */

/* Begin PBXContainerItemProxy section */
		B912267719A669990024FA00 /* PBXContainerItemProxy */ = {
			isa = PBXContainerItemProxy;
			containerPortal = B912264919A669980024FA00 /* Project object */;
			proxyType = 1;
			remoteGlobalIDString = B912265019A669980024FA00;
			remoteInfo = TestEmulationMode;
		};
/* End PBXContainerItemProxy section */

/* Begin PBXFileReference section */
		B912265119A669980024FA00 /* TestEmulationMode.app */ = {isa = PBXFileReference; explicitFileType = wrapper.application; includeInIndex = 0; path = TestEmulationMode.app; sourceTree = BUILT_PRODUCTS_DIR; };
		B912265419A669980024FA00 /* Foundation.framework */ = {isa = PBXFileReference; lastKnownFileType = wrapper.framework; name = Foundation.framework; path = System/Library/Frameworks/Foundation.framework; sourceTree = SDKROOT; };
		B912265619A669980024FA00 /* CoreGraphics.framework */ = {isa = PBXFileReference; lastKnownFileType = wrapper.framework; name = CoreGraphics.framework; path = System/Library/Frameworks/CoreGraphics.framework; sourceTree = SDKROOT; };
		B912265819A669980024FA00 /* UIKit.framework */ = {isa = PBXFileReference; lastKnownFileType = wrapper.framework; name = UIKit.framework; path = System/Library/Frameworks/UIKit.framework; sourceTree = SDKROOT; };
		B912265C19A669980024FA00 /* TestEmulationMode-Info.plist */ = {isa = PBXFileReference; lastKnownFileType = text.plist.xml; path = "TestEmulationMode-Info.plist"; sourceTree = "<group>"; };
		B912265E19A669980024FA00 /* en */ = {isa = PBXFileReference; lastKnownFileType = text.plist.strings; name = en; path = en.lproj/InfoPlist.strings; sourceTree = "<group>"; };
		B912266019A669980024FA00 /* main.m */ = {isa = PBXFileReference; lastKnownFileType = sourcecode.c.objc; path = main.m; sourceTree = "<group>"; };
		B912266219A669980024FA00 /* TestEmulationMode-Prefix.pch */ = {isa = PBXFileReference; lastKnownFileType = sourcecode.c.h; path = "TestEmulationMode-Prefix.pch"; sourceTree = "<group>"; };
		B912266319A669980024FA00 /* AppDelegate.h */ = {isa = PBXFileReference; lastKnownFileType = sourcecode.c.h; path = AppDelegate.h; sourceTree = "<group>"; };
		B912266419A669980024FA00 /* AppDelegate.m */ = {isa = PBXFileReference; lastKnownFileType = sourcecode.c.objc; path = AppDelegate.m; sourceTree = "<group>"; };
		B912266719A669980024FA00 /* Base */ = {isa = PBXFileReference; lastKnownFileType = file.storyboard; name = Base; path = Base.lproj/Main.storyboard; sourceTree = "<group>"; };
		B912266919A669980024FA00 /* ViewController.h */ = {isa = PBXFileReference; lastKnownFileType = sourcecode.c.h; path = ViewController.h; sourceTree = "<group>"; };
		B912266A19A669980024FA00 /* ViewController.m */ = {isa = PBXFileReference; lastKnownFileType = sourcecode.c.objc; path = ViewController.m; sourceTree = "<group>"; };
		B912266C19A669980024FA00 /* Images.xcassets */ = {isa = PBXFileReference; lastKnownFileType = folder.assetcatalog; path = Images.xcassets; sourceTree = "<group>"; };
		B912267219A669980024FA00 /* TestEmulationModeTests.xctest */ = {isa = PBXFileReference; explicitFileType = wrapper.cfbundle; includeInIndex = 0; path = TestEmulationModeTests.xctest; sourceTree = BUILT_PRODUCTS_DIR; };
		B912267319A669980024FA00 /* XCTest.framework */ = {isa = PBXFileReference; lastKnownFileType = wrapper.framework; name = XCTest.framework; path = Library/Frameworks/XCTest.framework; sourceTree = DEVELOPER_DIR; };
		B912267B19A669990024FA00 /* TestEmulationModeTests-Info.plist */ = {isa = PBXFileReference; lastKnownFileType = text.plist.xml; path = "TestEmulationModeTests-Info.plist"; sourceTree = "<group>"; };
		B912267D19A669990024FA00 /* en */ = {isa = PBXFileReference; lastKnownFileType = text.plist.strings; name = en; path = en.lproj/InfoPlist.strings; sourceTree = "<group>"; };
		B912267F19A669990024FA00 /* TestEmulationModeTests.m */ = {isa = PBXFileReference; lastKnownFileType = sourcecode.c.objc; path = TestEmulationModeTests.m; sourceTree = "<group>"; };
/* End PBXFileReference section */

/* Begin PBXFrameworksBuildPhase section */
		B912264E19A669980024FA00 /* Frameworks */ = {
			isa = PBXFrameworksBuildPhase;
			buildActionMask = 2147483647;
			files = (
				B912265719A669980024FA00 /* CoreGraphics.framework in Frameworks */,
				B912265919A669980024FA00 /* UIKit.framework in Frameworks */,
				B912265519A669980024FA00 /* Foundation.framework in Frameworks */,
			);
			runOnlyForDeploymentPostprocessing = 0;
		};
		B912266F19A669980024FA00 /* Frameworks */ = {
			isa = PBXFrameworksBuildPhase;
			buildActionMask = 2147483647;
			files = (
				B912267419A669980024FA00 /* XCTest.framework in Frameworks */,
				B912267619A669990024FA00 /* UIKit.framework in Frameworks */,
				B912267519A669990024FA00 /* Foundation.framework in Frameworks */,
			);
			runOnlyForDeploymentPostprocessing = 0;
		};
/* End PBXFrameworksBuildPhase section */

/* Begin PBXGroup section */
		B912264819A669980024FA00 = {
			isa = PBXGroup;
			children = (
				B912265A19A669980024FA00 /* TestEmulationMode */,
				B912267919A669990024FA00 /* TestEmulationModeTests */,
				B912265319A669980024FA00 /* Frameworks */,
				B912265219A669980024FA00 /* Products */,
			);
			sourceTree = "<group>";
		};
		B912265219A669980024FA00 /* Products */ = {
			isa = PBXGroup;
			children = (
				B912265119A669980024FA00 /* TestEmulationMode.app */,
				B912267219A669980024FA00 /* TestEmulationModeTests.xctest */,
			);
			name = Products;
			sourceTree = "<group>";
		};
		B912265319A669980024FA00 /* Frameworks */ = {
			isa = PBXGroup;
			children = (
				B912265419A669980024FA00 /* Foundation.framework */,
				B912265619A669980024FA00 /* CoreGraphics.framework */,
				B912265819A669980024FA00 /* UIKit.framework */,
				B912267319A669980024FA00 /* XCTest.framework */,
			);
			name = Frameworks;
			sourceTree = "<group>";
		};
		B912265A19A669980024FA00 /* TestEmulationMode */ = {
			isa = PBXGroup;
			children = (
				B912266319A669980024FA00 /* AppDelegate.h */,
				B912266419A669980024FA00 /* AppDelegate.m */,
				B912266619A669980024FA00 /* Main.storyboard */,
				B912266919A669980024FA00 /* ViewController.h */,
				B912266A19A669980024FA00 /* ViewController.m */,
				B912266C19A669980024FA00 /* Images.xcassets */,
				B912265B19A669980024FA00 /* Supporting Files */,
			);
			path = TestEmulationMode;
			sourceTree = "<group>";
		};
		B912265B19A669980024FA00 /* Supporting Files */ = {
			isa = PBXGroup;
			children = (
				B912265C19A669980024FA00 /* TestEmulationMode-Info.plist */,
				B912265D19A669980024FA00 /* InfoPlist.strings */,
				B912266019A669980024FA00 /* main.m */,
				B912266219A669980024FA00 /* TestEmulationMode-Prefix.pch */,
			);
			name = "Supporting Files";
			sourceTree = "<group>";
		};
		B912267919A669990024FA00 /* TestEmulationModeTests */ = {
			isa = PBXGroup;
			children = (
				B912267F19A669990024FA00 /* TestEmulationModeTests.m */,
				B912267A19A669990024FA00 /* Supporting Files */,
			);
			path = TestEmulationModeTests;
			sourceTree = "<group>";
		};
		B912267A19A669990024FA00 /* Supporting Files */ = {
			isa = PBXGroup;
			children = (
				B912267B19A669990024FA00 /* TestEmulationModeTests-Info.plist */,
				B912267C19A669990024FA00 /* InfoPlist.strings */,
			);
			name = "Supporting Files";
			sourceTree = "<group>";
		};
/* End PBXGroup section */

/* Begin PBXNativeTarget section */
		B912265019A669980024FA00 /* TestEmulationMode */ = {
			isa = PBXNativeTarget;
			buildConfigurationList = B912268319A669990024FA00 /* Build configuration list for PBXNativeTarget "TestEmulationMode" */;
			buildPhases = (
				B912264D19A669980024FA00 /* Sources */,
				B912264E19A669980024FA00 /* Frameworks */,
				B912264F19A669980024FA00 /* Resources */,
			);
			buildRules = (
			);
			dependencies = (
			);
			name = TestEmulationMode;
			productName = TestEmulationMode;
			productReference = B912265119A669980024FA00 /* TestEmulationMode.app */;
			productType = "com.apple.product-type.application";
		};
		B912267119A669980024FA00 /* TestEmulationModeTests */ = {
			isa = PBXNativeTarget;
			buildConfigurationList = B912268619A669990024FA00 /* Build configuration list for PBXNativeTarget "TestEmulationModeTests" */;
			buildPhases = (
				B912266E19A669980024FA00 /* Sources */,
				B912266F19A669980024FA00 /* Frameworks */,
				B912267019A669980024FA00 /* Resources */,
			);
			buildRules = (
			);
			dependencies = (
				B912267819A669990024FA00 /* PBXTargetDependency */,
			);
			name = TestEmulationModeTests;
			productName = TestEmulationModeTests;
			productReference = B912267219A669980024FA00 /* TestEmulationModeTests.xctest */;
			productType = "com.apple.product-type.bundle.unit-test";
		};
/* End PBXNativeTarget section */

/* Begin PBXProject section */
		B912264919A669980024FA00 /* Project object */ = {
			isa = PBXProject;
			attributes = {
				LastUpgradeCheck = 0510;
				ORGANIZATIONNAME = "Millennial Media";
				TargetAttributes = {
					B912267119A669980024FA00 = {
						TestTargetID = B912265019A669980024FA00;
					};
				};
			};
			buildConfigurationList = B912264C19A669980024FA00 /* Build configuration list for PBXProject "TestEmulationMode" */;
			compatibilityVersion = "Xcode 3.2";
			developmentRegion = English;
			hasScannedForEncodings = 0;
			knownRegions = (
				en,
				Base,
			);
			mainGroup = B912264819A669980024FA00;
			productRefGroup = B912265219A669980024FA00 /* Products */;
			projectDirPath = "";
			projectRoot = "";
			targets = (
				B912265019A669980024FA00 /* TestEmulationMode */,
				B912267119A669980024FA00 /* TestEmulationModeTests */,
			);
		};
/* End PBXProject section */

/* Begin PBXResourcesBuildPhase section */
		B912264F19A669980024FA00 /* Resources */ = {
			isa = PBXResourcesBuildPhase;
			buildActionMask = 2147483647;
			files = (
				B912266D19A669980024FA00 /* Images.xcassets in Resources */,
				B912265F19A669980024FA00 /* InfoPlist.strings in Resources */,
				B912266819A669980024FA00 /* Main.storyboard in Resources */,
			);
			runOnlyForDeploymentPostprocessing = 0;
		};
		B912267019A669980024FA00 /* Resources */ = {
			isa = PBXResourcesBuildPhase;
			buildActionMask = 2147483647;
			files = (
				B912267E19A669990024FA00 /* InfoPlist.strings in Resources */,
			);
			runOnlyForDeploymentPostprocessing = 0;
		};
/* End PBXResourcesBuildPhase section */

/* Begin PBXSourcesBuildPhase section */
		B912264D19A669980024FA00 /* Sources */ = {
			isa = PBXSourcesBuildPhase;
			buildActionMask = 2147483647;
			files = (
				B912266B19A669980024FA00 /* ViewController.m in Sources */,
				B912266519A669980024FA00 /* AppDelegate.m in Sources */,
				B912266119A669980024FA00 /* main.m in Sources */,
			);
			runOnlyForDeploymentPostprocessing = 0;
		};
		B912266E19A669980024FA00 /* Sources */ = {
			isa = PBXSourcesBuildPhase;
			buildActionMask = 2147483647;
			files = (
				B912268019A669990024FA00 /* TestEmulationModeTests.m in Sources */,
			);
			runOnlyForDeploymentPostprocessing = 0;
		};
/* End PBXSourcesBuildPhase section */

/* Begin PBXTargetDependency section */
		B912267819A669990024FA00 /* PBXTargetDependency */ = {
			isa = PBXTargetDependency;
			target = B912265019A669980024FA00 /* TestEmulationMode */;
			targetProxy = B912267719A669990024FA00 /* PBXContainerItemProxy */;
		};
/* End PBXTargetDependency section */

/* Begin PBXVariantGroup section */
		B912265D19A669980024FA00 /* InfoPlist.strings */ = {
			isa = PBXVariantGroup;
			children = (
				B912265E19A669980024FA00 /* en */,
			);
			name = InfoPlist.strings;
			sourceTree = "<group>";
		};
		B912266619A669980024FA00 /* Main.storyboard */ = {
			isa = PBXVariantGroup;
			children = (
				B912266719A669980024FA00 /* Base */,
			);
			name = Main.storyboard;
			sourceTree = "<group>";
		};
		B912267C19A669990024FA00 /* InfoPlist.strings */ = {
			isa = PBXVariantGroup;
			children = (
				B912267D19A669990024FA00 /* en */,
			);
			name = InfoPlist.strings;
			sourceTree = "<group>";
		};
/* End PBXVariantGroup section */

/* Begin XCBuildConfiguration section */
		B912268119A669990024FA00 /* Debug */ = {
			isa = XCBuildConfiguration;
			buildSettings = {
				ALWAYS_SEARCH_USER_PATHS = NO;
				CLANG_CXX_LANGUAGE_STANDARD = "gnu++0x";
				CLANG_CXX_LIBRARY = "libc++";
				CLANG_ENABLE_MODULES = YES;
				CLANG_ENABLE_OBJC_ARC = YES;
				CLANG_WARN_BOOL_CONVERSION = YES;
				CLANG_WARN_CONSTANT_CONVERSION = YES;
				CLANG_WARN_DIRECT_OBJC_ISA_USAGE = YES_ERROR;
				CLANG_WARN_EMPTY_BODY = YES;
				CLANG_WARN_ENUM_CONVERSION = YES;
				CLANG_WARN_INT_CONVERSION = YES;
				CLANG_WARN_OBJC_ROOT_CLASS = YES_ERROR;
				CLANG_WARN__DUPLICATE_METHOD_MATCH = YES;
				"CODE_SIGN_IDENTITY[sdk=iphoneos*]" = "iPhone Developer";
				COPY_PHASE_STRIP = NO;
				GCC_C_LANGUAGE_STANDARD = gnu99;
				GCC_DYNAMIC_NO_PIC = NO;
				GCC_OPTIMIZATION_LEVEL = 0;
				GCC_PREPROCESSOR_DEFINITIONS = (
					"DEBUG=1",
					"$(inherited)",
				);
				GCC_SYMBOLS_PRIVATE_EXTERN = NO;
				GCC_WARN_64_TO_32_BIT_CONVERSION = YES;
				GCC_WARN_ABOUT_RETURN_TYPE = YES_ERROR;
				GCC_WARN_UNDECLARED_SELECTOR = YES;
				GCC_WARN_UNINITIALIZED_AUTOS = YES_AGGRESSIVE;
				GCC_WARN_UNUSED_FUNCTION = YES;
				GCC_WARN_UNUSED_VARIABLE = YES;
				IPHONEOS_DEPLOYMENT_TARGET = 7.1;
				ONLY_ACTIVE_ARCH = YES;
				SDKROOT = iphoneos;
			};
			name = Debug;
		};
		B912268219A669990024FA00 /* Release */ = {
			isa = XCBuildConfiguration;
			buildSettings = {
				ALWAYS_SEARCH_USER_PATHS = NO;
				CLANG_CXX_LANGUAGE_STANDARD = "gnu++0x";
				CLANG_CXX_LIBRARY = "libc++";
				CLANG_ENABLE_MODULES = YES;
				CLANG_ENABLE_OBJC_ARC = YES;
				CLANG_WARN_BOOL_CONVERSION = YES;
				CLANG_WARN_CONSTANT_CONVERSION = YES;
				CLANG_WARN_DIRECT_OBJC_ISA_USAGE = YES_ERROR;
				CLANG_WARN_EMPTY_BODY = YES;
				CLANG_WARN_ENUM_CONVERSION = YES;
				CLANG_WARN_INT_CONVERSION = YES;
				CLANG_WARN_OBJC_ROOT_CLASS = YES_ERROR;
				CLANG_WARN__DUPLICATE_METHOD_MATCH = YES;
				"CODE_SIGN_IDENTITY[sdk=iphoneos*]" = "iPhone Developer";
				COPY_PHASE_STRIP = YES;
				ENABLE_NS_ASSERTIONS = NO;
				GCC_C_LANGUAGE_STANDARD = gnu99;
				GCC_WARN_64_TO_32_BIT_CONVERSION = YES;
				GCC_WARN_ABOUT_RETURN_TYPE = YES_ERROR;
				GCC_WARN_UNDECLARED_SELECTOR = YES;
				GCC_WARN_UNINITIALIZED_AUTOS = YES_AGGRESSIVE;
				GCC_WARN_UNUSED_FUNCTION = YES;
				GCC_WARN_UNUSED_VARIABLE = YES;
				IPHONEOS_DEPLOYMENT_TARGET = 7.1;
				SDKROOT = iphoneos;
				VALIDATE_PRODUCT = YES;
			};
			name = Release;
		};
		B912268419A669990024FA00 /* Debug */ = {
			isa = XCBuildConfiguration;
			buildSettings = {
				ASSETCATALOG_COMPILER_APPICON_NAME = AppIcon;
				ASSETCATALOG_COMPILER_LAUNCHIMAGE_NAME = LaunchImage;
				GCC_PRECOMPILE_PREFIX_HEADER = YES;
				GCC_PREFIX_HEADER = "TestEmulationMode/TestEmulationMode-Prefix.pch";
				INFOPLIST_FILE = "TestEmulationMode/TestEmulationMode-Info.plist";
				PRODUCT_NAME = "$(TARGET_NAME)";
				WRAPPER_EXTENSION = app;
			};
			name = Debug;
		};
		B912268519A669990024FA00 /* Release */ = {
			isa = XCBuildConfiguration;
			buildSettings = {
				ASSETCATALOG_COMPILER_APPICON_NAME = AppIcon;
				ASSETCATALOG_COMPILER_LAUNCHIMAGE_NAME = LaunchImage;
				GCC_PRECOMPILE_PREFIX_HEADER = YES;
				GCC_PREFIX_HEADER = "TestEmulationMode/TestEmulationMode-Prefix.pch";
				INFOPLIST_FILE = "TestEmulationMode/TestEmulationMode-Info.plist";
				PRODUCT_NAME = "$(TARGET_NAME)";
				WRAPPER_EXTENSION = app;
			};
			name = Release;
		};
		B912268719A669990024FA00 /* Debug */ = {
			isa = XCBuildConfiguration;
			buildSettings = {
				BUNDLE_LOADER = "$(BUILT_PRODUCTS_DIR)/TestEmulationMode.app/TestEmulationMode";
				FRAMEWORK_SEARCH_PATHS = (
					"$(SDKROOT)/Developer/Library/Frameworks",
					"$(inherited)",
					"$(DEVELOPER_FRAMEWORKS_DIR)",
				);
				GCC_PRECOMPILE_PREFIX_HEADER = YES;
				GCC_PREFIX_HEADER = "TestEmulationMode/TestEmulationMode-Prefix.pch";
				GCC_PREPROCESSOR_DEFINITIONS = (
					"DEBUG=1",
					"$(inherited)",
				);
				INFOPLIST_FILE = "TestEmulationModeTests/TestEmulationModeTests-Info.plist";
				PRODUCT_NAME = "$(TARGET_NAME)";
				TEST_HOST = "$(BUNDLE_LOADER)";
				WRAPPER_EXTENSION = xctest;
			};
			name = Debug;
		};
		B912268819A669990024FA00 /* Release */ = {
			isa = XCBuildConfiguration;
			buildSettings = {
				BUNDLE_LOADER = "$(BUILT_PRODUCTS_DIR)/TestEmulationMode.app/TestEmulationMode";
				FRAMEWORK_SEARCH_PATHS = (
					"$(SDKROOT)/Developer/Library/Frameworks",
					"$(inherited)",
					"$(DEVELOPER_FRAMEWORKS_DIR)",
				);
				GCC_PRECOMPILE_PREFIX_HEADER = YES;
				GCC_PREFIX_HEADER = "TestEmulationMode/TestEmulationMode-Prefix.pch";
				INFOPLIST_FILE = "TestEmulationModeTests/TestEmulationModeTests-Info.plist";
				PRODUCT_NAME = "$(TARGET_NAME)";
				TEST_HOST = "$(BUNDLE_LOADER)";
				WRAPPER_EXTENSION = xctest;
			};
			name = Release;
		};
/* End XCBuildConfiguration section */

/* Begin XCConfigurationList section */
		B912264C19A669980024FA00 /* Build configuration list for PBXProject "TestEmulationMode" */ = {
			isa = XCConfigurationList;
			buildConfigurations = (
				B912268119A669990024FA00 /* Debug */,
				B912268219A669990024FA00 /* Release */,
			);
			defaultConfigurationIsVisible = 0;
			defaultConfigurationName = Release;
		};
		B912268319A669990024FA00 /* Build configuration list for PBXNativeTarget "TestEmulationMode" */ = {
			isa = XCConfigurationList;
			buildConfigurations = (
				B912268419A669990024FA00 /* Debug */,
				B912268519A669990024FA00 /* Release */,
			);
			defaultConfigurationIsVisible = 0;
		};
		B912268619A669990024FA00 /* Build configuration list for PBXNativeTarget "TestEmulationModeTests" */ = {
			isa = XCConfigurationList;
			buildConfigurations = (
				B912268719A669990024FA00 /* Debug */,
				B912268819A669990024FA00 /* Release */,
			);
			defaultConfigurationIsVisible = 0;
		};
/* End XCConfigurationList section */
	};
	rootObject = B912264919A669980024FA00 /* Project object */;
}
